
Microsoft Visual Studio Solution File, Format Version 12.00
# Visual Studio Version 17
VisualStudioVersion = 17.3.32901.215
MinimumVisualStudioVersion = 10.0.40219.1
Project("{FAE04EC0-301F-11D3-BF4B-00C04F79EFBC}") = "BankEncapsulation", "BankEncapsulation\BankEncapsulation.csproj", "{7BAF3647-D0A9-42E7-AE22-F3F4EA9C7C47}"
EndProject
Global
	GlobalSection(SolutionConfigurationPlatforms) = preSolution
		Debug|Any CPU = Debug|Any CPU
		Release|Any CPU = Release|Any CPU
	EndGlobalSection
	GlobalSection(ProjectConfigurationPlatforms) = postSolution
		{7BAF3647-D0A9-42E7-AE22-F3F4EA9C7C47}.Debug|Any CPU.ActiveCfg = Debug|Any CPU
		{7BAF3647-D0A9-42E7-AE22-F3F4EA9C7C47}.Debug|Any CPU.Build.0 = Debug|Any CPU
		{7BAF3647-D0A9-42E7-AE22-F3F4EA9C7C47}.Release|Any CPU.ActiveCfg = Release|Any CPU
		{7BAF3647-D0A9-42E7-AE22-F3F4EA9C7C47}.Release|Any CPU.Build.0 = Release|Any CPU
	EndGlobalSection
	GlobalSection(SolutionProperties) = preSolution
		HideSolutionNode = FALSE
	EndGlobalSection
	GlobalSection(ExtensibilityGlobals) = postSolution
		SolutionGuid = {2CF96AAE-AC25-49BC-A6F9-B2E1EB861779}
	EndGlobalSection
EndGlobal
